
Microsoft Visual Studio Solution File, Format Version 12.00
# Visual Studio 15
VisualStudioVersion = 15.0.28307.645
MinimumVisualStudioVersion = 10.0.40219.1
Project("{FAE04EC0-301F-11D3-BF4B-00C04F79EFBC}") = "MVVM", "MVVM\MVVM.csproj", "{B0146C67-549E-4FD4-AAA8-F8BFE9510D18}"
EndProject
Global
	GlobalSection(SolutionConfigurationPlatforms) = preSolution
		Debug|Any CPU = Debug|Any CPU
		Release|Any CPU = Release|Any CPU
	EndGlobalSection
	GlobalSection(ProjectConfigurationPlatforms) = postSolution
		{B0146C67-549E-4FD4-AAA8-F8BFE9510D18}.Debug|Any CPU.ActiveCfg = Debug|Any CPU
		{B0146C67-549E-4FD4-AAA8-F8BFE9510D18}.Debug|Any CPU.Build.0 = Debug|Any CPU
		{B0146C67-549E-4FD4-AAA8-F8BFE9510D18}.Release|Any CPU.ActiveCfg = Release|Any CPU
		{B0146C67-549E-4FD4-AAA8-F8BFE9510D18}.Release|Any CPU.Build.0 = Release|Any CPU
	EndGlobalSection
	GlobalSection(SolutionProperties) = preSolution
		HideSolutionNode = FALSE
	EndGlobalSection
	GlobalSection(ExtensibilityGlobals) = postSolution
		SolutionGuid = {10A1F3E4-2AEF-446D-8D72-37ED2F71F7C0}
	EndGlobalSection
EndGlobal
